
Microsoft Visual Studio Solution File, Format Version 12.00
# Visual Studio Version 17
VisualStudioVersion = 17.5.002.0
MinimumVisualStudioVersion = 10.0.40219.1
Project("{9A19103F-16F7-4668-BE54-9A1E7A4F7556}") = "IntroToWebAPI", "IntroToWebAPI.csproj", "{6098B4D1-D7AB-44AB-B5F2-016761AE3264}"
EndProject
Global
	GlobalSection(SolutionConfigurationPlatforms) = preSolution
		Debug|Any CPU = Debug|Any CPU
		Release|Any CPU = Release|Any CPU
	EndGlobalSection
	GlobalSection(ProjectConfigurationPlatforms) = postSolution
		{6098B4D1-D7AB-44AB-B5F2-016761AE3264}.Debug|Any CPU.ActiveCfg = Debug|Any CPU
		{6098B4D1-D7AB-44AB-B5F2-016761AE3264}.Debug|Any CPU.Build.0 = Debug|Any CPU
		{6098B4D1-D7AB-44AB-B5F2-016761AE3264}.Release|Any CPU.ActiveCfg = Release|Any CPU
		{6098B4D1-D7AB-44AB-B5F2-016761AE3264}.Release|Any CPU.Build.0 = Release|Any CPU
	EndGlobalSection
	GlobalSection(SolutionProperties) = preSolution
		HideSolutionNode = FALSE
	EndGlobalSection
	GlobalSection(ExtensibilityGlobals) = postSolution
		SolutionGuid = {85CF3BD8-55BD-421F-812F-D66766DF4666}
	EndGlobalSection
EndGlobal
